hash: 2448bcf6fa414578923d6ca83233d16d2977b2c97eb19addd9eb55ff118ef957
updated: 2019-01-21T20:47:35.667616+01:00
imports:
- name: github.com/go-telegram-bot-api/telegram-bot-api
  version: 9860bdfd3a171ceafb6e1eafa163482a6ef92643
- name: github.com/technoweenie/multipartstreamer
  version: a90a01d73ae432e2611d178c18367fbaa13e0154
testImports: []
